
Microsoft Visual Studio Solution File, Format Version 12.00
# Visual Studio Version 16
Project("{8BC9CEB8-8B4A-11D0-8D11-00A0C91BC942}") = "iVritex", "iVritex\iVritex.vcxproj", "{D0A64867-3C86-C702-459E-52D9B1FC2D64}"
EndProject
Project("{8BC9CEB8-8B4A-11D0-8D11-00A0C91BC942}") = "ImGui", "vendor\ImGui\ImGui.vcxproj", "{C0FF640D-2C14-8DBE-F595-301E616989EF}"
EndProject
Project("{8BC9CEB8-8B4A-11D0-8D11-00A0C91BC942}") = "MinHook", "vendor\MinHook\MinHook.vcxproj", "{1A77E127-8656-60C3-8F6E-EB99FBCCC624}"
EndProject
Project("{8BC9CEB8-8B4A-11D0-8D11-00A0C91BC942}") = "StackWalker", "vendor\StackWalker\StackWalker.vcxproj", "{21FD7E7C-8DB2-F771-16A7-F148825BEE75}"
EndProject
Project("{8BC9CEB8-8B4A-11D0-8D11-00A0C91BC942}") = "fmtlib", "vendor\fmtlib\fmtlib.vcxproj", "{2319C3FD-0FBB-EDD3-F875-0128E4B67424}"
EndProject
Global
	GlobalSection(SolutionConfigurationPlatforms) = preSolution
		Debug|x64 = Debug|x64
		Dist|x64 = Dist|x64
		Release|x64 = Release|x64
	EndGlobalSection
	GlobalSection(ProjectConfigurationPlatforms) = postSolution
		{D0A64867-3C86-C702-459E-52D9B1FC2D64}.Debug|x64.ActiveCfg = Debug|x64
		{D0A64867-3C86-C702-459E-52D9B1FC2D64}.Debug|x64.Build.0 = Debug|x64
		{D0A64867-3C86-C702-459E-52D9B1FC2D64}.Dist|x64.ActiveCfg = Dist|x64
		{D0A64867-3C86-C702-459E-52D9B1FC2D64}.Dist|x64.Build.0 = Dist|x64
		{D0A64867-3C86-C702-459E-52D9B1FC2D64}.Release|x64.ActiveCfg = Release|x64
		{D0A64867-3C86-C702-459E-52D9B1FC2D64}.Release|x64.Build.0 = Release|x64
		{C0FF640D-2C14-8DBE-F595-301E616989EF}.Debug|x64.ActiveCfg = Debug|x64
		{C0FF640D-2C14-8DBE-F595-301E616989EF}.Debug|x64.Build.0 = Debug|x64
		{C0FF640D-2C14-8DBE-F595-301E616989EF}.Dist|x64.ActiveCfg = Dist|x64
		{C0FF640D-2C14-8DBE-F595-301E616989EF}.Dist|x64.Build.0 = Dist|x64
		{C0FF640D-2C14-8DBE-F595-301E616989EF}.Release|x64.ActiveCfg = Release|x64
		{C0FF640D-2C14-8DBE-F595-301E616989EF}.Release|x64.Build.0 = Release|x64
		{1A77E127-8656-60C3-8F6E-EB99FBCCC624}.Debug|x64.ActiveCfg = Debug|x64
		{1A77E127-8656-60C3-8F6E-EB99FBCCC624}.Debug|x64.Build.0 = Debug|x64
		{1A77E127-8656-60C3-8F6E-EB99FBCCC624}.Dist|x64.ActiveCfg = Dist|x64
		{1A77E127-8656-60C3-8F6E-EB99FBCCC624}.Dist|x64.Build.0 = Dist|x64
		{1A77E127-8656-60C3-8F6E-EB99FBCCC624}.Release|x64.ActiveCfg = Release|x64
		{1A77E127-8656-60C3-8F6E-EB99FBCCC624}.Release|x64.Build.0 = Release|x64
		{21FD7E7C-8DB2-F771-16A7-F148825BEE75}.Debug|x64.ActiveCfg = Debug|x64
		{21FD7E7C-8DB2-F771-16A7-F148825BEE75}.Debug|x64.Build.0 = Debug|x64
		{21FD7E7C-8DB2-F771-16A7-F148825BEE75}.Dist|x64.ActiveCfg = Dist|x64
		{21FD7E7C-8DB2-F771-16A7-F148825BEE75}.Dist|x64.Build.0 = Dist|x64
		{21FD7E7C-8DB2-F771-16A7-F148825BEE75}.Release|x64.ActiveCfg = Release|x64
		{21FD7E7C-8DB2-F771-16A7-F148825BEE75}.Release|x64.Build.0 = Release|x64
		{2319C3FD-0FBB-EDD3-F875-0128E4B67424}.Debug|x64.ActiveCfg = Debug|x64
		{2319C3FD-0FBB-EDD3-F875-0128E4B67424}.Debug|x64.Build.0 = Debug|x64
		{2319C3FD-0FBB-EDD3-F875-0128E4B67424}.Dist|x64.ActiveCfg = Dist|x64
		{2319C3FD-0FBB-EDD3-F875-0128E4B67424}.Dist|x64.Build.0 = Dist|x64
		{2319C3FD-0FBB-EDD3-F875-0128E4B67424}.Release|x64.ActiveCfg = Release|x64
		{2319C3FD-0FBB-EDD3-F875-0128E4B67424}.Release|x64.Build.0 = Release|x64
	EndGlobalSection
	GlobalSection(SolutionProperties) = preSolution
		HideSolutionNode = FALSE
	EndGlobalSection
EndGlobal
